
Microsoft Visual Studio Solution File, Format Version 12.00
# Visual Studio Version 17
VisualStudioVersion = 17.7.34024.191
MinimumVisualStudioVersion = 10.0.40219.1
Project("{FAE04EC0-301F-11D3-BF4B-00C04F79EFBC}") = "Class2", "Class2\Class2.csproj", "{B4C5AC96-D80A-4FD6-85C9-E69957E03EE7}"
EndProject
Global
	GlobalSection(SolutionConfigurationPlatforms) = preSolution
		Debug|Any CPU = Debug|Any CPU
		Release|Any CPU = Release|Any CPU
	EndGlobalSection
	GlobalSection(ProjectConfigurationPlatforms) = postSolution
		{B4C5AC96-D80A-4FD6-85C9-E69957E03EE7}.Debug|Any CPU.ActiveCfg = Debug|Any CPU
		{B4C5AC96-D80A-4FD6-85C9-E69957E03EE7}.Debug|Any CPU.Build.0 = Debug|Any CPU
		{B4C5AC96-D80A-4FD6-85C9-E69957E03EE7}.Release|Any CPU.ActiveCfg = Release|Any CPU
		{B4C5AC96-D80A-4FD6-85C9-E69957E03EE7}.Release|Any CPU.Build.0 = Release|Any CPU
	EndGlobalSection
	GlobalSection(SolutionProperties) = preSolution
		HideSolutionNode = FALSE
	EndGlobalSection
	GlobalSection(ExtensibilityGlobals) = postSolution
		SolutionGuid = {202601C4-B00B-4CC4-B23E-BF8BE9107CC2}
	EndGlobalSection
EndGlobal
